
Microsoft Visual Studio Solution File, Format Version 12.00
# Visual Studio Version 16
VisualStudioVersion = 16.0.28803.202
MinimumVisualStudioVersion = 10.0.40219.1
Project("{FAE04EC0-301F-11D3-BF4B-00C04F79EFBC}") = "4", "4\4.csproj", "{6FC0A0F9-90D3-43C6-8A15-DD761BB652FB}"
EndProject
Project("{FAE04EC0-301F-11D3-BF4B-00C04F79EFBC}") = "4дз", "4дз\4дз.csproj", "{94EBD445-6329-40DA-8481-D211B8C0034E}"
EndProject
Global
	GlobalSection(SolutionConfigurationPlatforms) = preSolution
		Debug|Any CPU = Debug|Any CPU
		Release|Any CPU = Release|Any CPU
	EndGlobalSection
	GlobalSection(ProjectConfigurationPlatforms) = postSolution
		{6FC0A0F9-90D3-43C6-8A15-DD761BB652FB}.Debug|Any CPU.ActiveCfg = Debug|Any CPU
		{6FC0A0F9-90D3-43C6-8A15-DD761BB652FB}.Debug|Any CPU.Build.0 = Debug|Any CPU
		{6FC0A0F9-90D3-43C6-8A15-DD761BB652FB}.Release|Any CPU.ActiveCfg = Release|Any CPU
		{6FC0A0F9-90D3-43C6-8A15-DD761BB652FB}.Release|Any CPU.Build.0 = Release|Any CPU
		{94EBD445-6329-40DA-8481-D211B8C0034E}.Debug|Any CPU.ActiveCfg = Debug|Any CPU
		{94EBD445-6329-40DA-8481-D211B8C0034E}.Debug|Any CPU.Build.0 = Debug|Any CPU
		{94EBD445-6329-40DA-8481-D211B8C0034E}.Release|Any CPU.ActiveCfg = Release|Any CPU
		{94EBD445-6329-40DA-8481-D211B8C0034E}.Release|Any CPU.Build.0 = Release|Any CPU
	EndGlobalSection
	GlobalSection(SolutionProperties) = preSolution
		HideSolutionNode = FALSE
	EndGlobalSection
	GlobalSection(ExtensibilityGlobals) = postSolution
		SolutionGuid = {0D3FB042-432B-49B6-B415-669915EC54E6}
	EndGlobalSection
EndGlobal
